<Solution>
    <Folder Name="/Root/">
        <File Path=".gitignore" />
        <File Path="CHANGELOG.md" />
        <File Path="CLAUDE.md" />
        <File Path="Directory.Build.props" />
        <File Path="LICENSE" />
        <File Path="README.md" />
        <File Path="AGENTS.md" />
        <File Path="build.ps1" />
        <File Path="build.sh" />
    </Folder>
    <Folder Name="/src/">
        <Project Path="src/StageKit.Fallout/StageKit.Fallout.csproj" />
        <Project Path="src/StageKit.Primitives/StageKit.Primitives.csproj" />
        <Project Path="src/StageKit.Runtime/StageKit.Runtime.csproj" />
        <Project Path="src/StageKit.Updatum/StageKit.Updatum.csproj" />
        <Project Path="src/StageKit/StageKit.csproj" />
    </Folder>
    <Folder Name="/demo/">
        <Project Path="demo/StageKit.Demo/StageKit.Demo.csproj" />
        <Project Path="demo/Updatum.Demo/Updatum.Demo.csproj" />
    </Folder>
    <Folder Name="/builds/">
        <Project Path="builds/build/build.csproj" />
        <Project Path="builds/StageKit.Installer/StageKit.Installer.wixproj" />
    </Folder>
    <Folder Name="/tests/">
        <Project Path="tests/StageKit.Tests/StageKit.Tests.csproj" />
        <Project Path="tests/StageKit.Fallout.Tests/StageKit.Fallout.Tests.csproj" />
        <Project Path="tests/StageKit.Updatum.Tests/StageKit.Updatum.Tests.csproj" />
    </Folder>
</Solution>
